
Microsoft Visual Studio Solution File, Format Version 12.00
# Visual Studio Version 17
VisualStudioVersion = 17.5.002.0
MinimumVisualStudioVersion = 10.0.40219.1
Project("{9A19103F-16F7-4668-BE54-9A1E7A4F7556}") = "Moscow", "Moscow\Moscow.csproj", "{DEAD701B-5C20-461D-9A80-59D94ED01063}"
EndProject
Global
	GlobalSection(SolutionConfigurationPlatforms) = preSolution
		Debug|Any CPU = Debug|Any CPU
		Release|Any CPU = Release|Any CPU
	EndGlobalSection
	GlobalSection(ProjectConfigurationPlatforms) = postSolution
		{DEAD701B-5C20-461D-9A80-59D94ED01063}.Debug|Any CPU.ActiveCfg = Debug|Any CPU
		{DEAD701B-5C20-461D-9A80-59D94ED01063}.Debug|Any CPU.Build.0 = Debug|Any CPU
		{DEAD701B-5C20-461D-9A80-59D94ED01063}.Release|Any CPU.ActiveCfg = Release|Any CPU
		{DEAD701B-5C20-461D-9A80-59D94ED01063}.Release|Any CPU.Build.0 = Release|Any CPU
	EndGlobalSection
	GlobalSection(SolutionProperties) = preSolution
		HideSolutionNode = FALSE
	EndGlobalSection
	GlobalSection(ExtensibilityGlobals) = postSolution
		SolutionGuid = {17200518-D9AC-4614-98E4-F6B0DBB7C153}
	EndGlobalSection
EndGlobal
